
Microsoft Visual Studio Solution File, Format Version 12.00
# Visual Studio Version 17
VisualStudioVersion = 17.3.32901.215
MinimumVisualStudioVersion = 10.0.40219.1
Project("{FAE04EC0-301F-11D3-BF4B-00C04F79EFBC}") = "bojenje_tacaka_kilkom", "bojenje_tacaka_kilkom.csproj", "{8F2144B8-5251-479E-BEEF-41079F953463}"
EndProject
Global
	GlobalSection(SolutionConfigurationPlatforms) = preSolution
		Debug|Any CPU = Debug|Any CPU
		Release|Any CPU = Release|Any CPU
	EndGlobalSection
	GlobalSection(ProjectConfigurationPlatforms) = postSolution
		{8F2144B8-5251-479E-BEEF-41079F953463}.Debug|Any CPU.ActiveCfg = Debug|Any CPU
		{8F2144B8-5251-479E-BEEF-41079F953463}.Debug|Any CPU.Build.0 = Debug|Any CPU
		{8F2144B8-5251-479E-BEEF-41079F953463}.Release|Any CPU.ActiveCfg = Release|Any CPU
		{8F2144B8-5251-479E-BEEF-41079F953463}.Release|Any CPU.Build.0 = Release|Any CPU
	EndGlobalSection
	GlobalSection(SolutionProperties) = preSolution
		HideSolutionNode = FALSE
	EndGlobalSection
	GlobalSection(ExtensibilityGlobals) = postSolution
		SolutionGuid = {6F3D329F-7A10-4FC2-BA0B-2500F06323E8}
	EndGlobalSection
EndGlobal
