
Microsoft Visual Studio Solution File, Format Version 12.00
# Visual Studio Version 17
VisualStudioVersion = 17.3.32901.215
MinimumVisualStudioVersion = 10.0.40219.1
Project("{FAE04EC0-301F-11D3-BF4B-00C04F79EFBC}") = "pravugaonici_rendom", "pravugaonici_rendom.csproj", "{B198D489-140B-40BB-A41C-E4FBB18BBA66}"
EndProject
Global
	GlobalSection(SolutionConfigurationPlatforms) = preSolution
		Debug|Any CPU = Debug|Any CPU
		Release|Any CPU = Release|Any CPU
	EndGlobalSection
	GlobalSection(ProjectConfigurationPlatforms) = postSolution
		{B198D489-140B-40BB-A41C-E4FBB18BBA66}.Debug|Any CPU.ActiveCfg = Debug|Any CPU
		{B198D489-140B-40BB-A41C-E4FBB18BBA66}.Debug|Any CPU.Build.0 = Debug|Any CPU
		{B198D489-140B-40BB-A41C-E4FBB18BBA66}.Release|Any CPU.ActiveCfg = Release|Any CPU
		{B198D489-140B-40BB-A41C-E4FBB18BBA66}.Release|Any CPU.Build.0 = Release|Any CPU
	EndGlobalSection
	GlobalSection(SolutionProperties) = preSolution
		HideSolutionNode = FALSE
	EndGlobalSection
	GlobalSection(ExtensibilityGlobals) = postSolution
		SolutionGuid = {27524EFD-0B25-438D-A7D1-16811ED7CB20}
	EndGlobalSection
EndGlobal
