
Microsoft Visual Studio Solution File, Format Version 12.00
# Visual Studio Version 17
VisualStudioVersion = 17.3.32901.215
MinimumVisualStudioVersion = 10.0.40219.1
Project("{FAE04EC0-301F-11D3-BF4B-00C04F79EFBC}") = "pomeranje_tacaka", "pomeranje_tacaka.csproj", "{87F24F11-4469-4674-A70A-20A51ACF4CFE}"
EndProject
Global
	GlobalSection(SolutionConfigurationPlatforms) = preSolution
		Debug|Any CPU = Debug|Any CPU
		Release|Any CPU = Release|Any CPU
	EndGlobalSection
	GlobalSection(ProjectConfigurationPlatforms) = postSolution
		{87F24F11-4469-4674-A70A-20A51ACF4CFE}.Debug|Any CPU.ActiveCfg = Debug|Any CPU
		{87F24F11-4469-4674-A70A-20A51ACF4CFE}.Debug|Any CPU.Build.0 = Debug|Any CPU
		{87F24F11-4469-4674-A70A-20A51ACF4CFE}.Release|Any CPU.ActiveCfg = Release|Any CPU
		{87F24F11-4469-4674-A70A-20A51ACF4CFE}.Release|Any CPU.Build.0 = Release|Any CPU
	EndGlobalSection
	GlobalSection(SolutionProperties) = preSolution
		HideSolutionNode = FALSE
	EndGlobalSection
	GlobalSection(ExtensibilityGlobals) = postSolution
		SolutionGuid = {E79DBB5E-5643-4651-8C02-43EDA04E7830}
	EndGlobalSection
EndGlobal
