
Microsoft Visual Studio Solution File, Format Version 12.00
# Visual Studio Version 17
VisualStudioVersion = 17.3.32901.215
MinimumVisualStudioVersion = 10.0.40219.1
Project("{FAE04EC0-301F-11D3-BF4B-00C04F79EFBC}") = "linija", "linija.csproj", "{A7A4983A-0EB3-435C-A92B-7BCF84F5A9D8}"
EndProject
Global
	GlobalSection(SolutionConfigurationPlatforms) = preSolution
		Debug|Any CPU = Debug|Any CPU
		Release|Any CPU = Release|Any CPU
	EndGlobalSection
	GlobalSection(ProjectConfigurationPlatforms) = postSolution
		{A7A4983A-0EB3-435C-A92B-7BCF84F5A9D8}.Debug|Any CPU.ActiveCfg = Debug|Any CPU
		{A7A4983A-0EB3-435C-A92B-7BCF84F5A9D8}.Debug|Any CPU.Build.0 = Debug|Any CPU
		{A7A4983A-0EB3-435C-A92B-7BCF84F5A9D8}.Release|Any CPU.ActiveCfg = Release|Any CPU
		{A7A4983A-0EB3-435C-A92B-7BCF84F5A9D8}.Release|Any CPU.Build.0 = Release|Any CPU
	EndGlobalSection
	GlobalSection(SolutionProperties) = preSolution
		HideSolutionNode = FALSE
	EndGlobalSection
	GlobalSection(ExtensibilityGlobals) = postSolution
		SolutionGuid = {9C8EFF85-D326-4635-856F-2FAA5FC2F827}
	EndGlobalSection
EndGlobal
