
Microsoft Visual Studio Solution File, Format Version 12.00
# Visual Studio Version 17
VisualStudioVersion = 17.3.32901.215
MinimumVisualStudioVersion = 10.0.40219.1
Project("{FAE04EC0-301F-11D3-BF4B-00C04F79EFBC}") = "padanjekrugova", "padanjekrugova.csproj", "{53C4E50B-9270-4F2E-AA04-9CF3C360F3C7}"
EndProject
Global
	GlobalSection(SolutionConfigurationPlatforms) = preSolution
		Debug|Any CPU = Debug|Any CPU
		Release|Any CPU = Release|Any CPU
	EndGlobalSection
	GlobalSection(ProjectConfigurationPlatforms) = postSolution
		{53C4E50B-9270-4F2E-AA04-9CF3C360F3C7}.Debug|Any CPU.ActiveCfg = Debug|Any CPU
		{53C4E50B-9270-4F2E-AA04-9CF3C360F3C7}.Debug|Any CPU.Build.0 = Debug|Any CPU
		{53C4E50B-9270-4F2E-AA04-9CF3C360F3C7}.Release|Any CPU.ActiveCfg = Release|Any CPU
		{53C4E50B-9270-4F2E-AA04-9CF3C360F3C7}.Release|Any CPU.Build.0 = Release|Any CPU
	EndGlobalSection
	GlobalSection(SolutionProperties) = preSolution
		HideSolutionNode = FALSE
	EndGlobalSection
	GlobalSection(ExtensibilityGlobals) = postSolution
		SolutionGuid = {80074945-3000-4BF6-A04C-E9C5CB013555}
	EndGlobalSection
EndGlobal
