
Microsoft Visual Studio Solution File, Format Version 12.00
# Visual Studio Version 17
VisualStudioVersion = 17.3.32901.215
MinimumVisualStudioVersion = 10.0.40219.1
Project("{FAE04EC0-301F-11D3-BF4B-00C04F79EFBC}") = "kvadrati", "kvadrati.csproj", "{9C6EBDE8-0DE4-439B-B8E8-2CD6FA595758}"
EndProject
Global
	GlobalSection(SolutionConfigurationPlatforms) = preSolution
		Debug|Any CPU = Debug|Any CPU
		Release|Any CPU = Release|Any CPU
	EndGlobalSection
	GlobalSection(ProjectConfigurationPlatforms) = postSolution
		{9C6EBDE8-0DE4-439B-B8E8-2CD6FA595758}.Debug|Any CPU.ActiveCfg = Debug|Any CPU
		{9C6EBDE8-0DE4-439B-B8E8-2CD6FA595758}.Debug|Any CPU.Build.0 = Debug|Any CPU
		{9C6EBDE8-0DE4-439B-B8E8-2CD6FA595758}.Release|Any CPU.ActiveCfg = Release|Any CPU
		{9C6EBDE8-0DE4-439B-B8E8-2CD6FA595758}.Release|Any CPU.Build.0 = Release|Any CPU
	EndGlobalSection
	GlobalSection(SolutionProperties) = preSolution
		HideSolutionNode = FALSE
	EndGlobalSection
	GlobalSection(ExtensibilityGlobals) = postSolution
		SolutionGuid = {46F0029A-50A1-47F7-988D-A280A6774B31}
	EndGlobalSection
EndGlobal
