
Microsoft Visual Studio Solution File, Format Version 12.00
# Visual Studio Version 17
VisualStudioVersion = 17.3.32901.215
MinimumVisualStudioVersion = 10.0.40219.1
Project("{FAE04EC0-301F-11D3-BF4B-00C04F79EFBC}") = "Uvod", "Uvod.csproj", "{6C70ED5C-9FA2-404A-BCB0-4B2F2B30FC1E}"
EndProject
Global
	GlobalSection(SolutionConfigurationPlatforms) = preSolution
		Debug|Any CPU = Debug|Any CPU
		Release|Any CPU = Release|Any CPU
	EndGlobalSection
	GlobalSection(ProjectConfigurationPlatforms) = postSolution
		{6C70ED5C-9FA2-404A-BCB0-4B2F2B30FC1E}.Debug|Any CPU.ActiveCfg = Debug|Any CPU
		{6C70ED5C-9FA2-404A-BCB0-4B2F2B30FC1E}.Debug|Any CPU.Build.0 = Debug|Any CPU
		{6C70ED5C-9FA2-404A-BCB0-4B2F2B30FC1E}.Release|Any CPU.ActiveCfg = Release|Any CPU
		{6C70ED5C-9FA2-404A-BCB0-4B2F2B30FC1E}.Release|Any CPU.Build.0 = Release|Any CPU
	EndGlobalSection
	GlobalSection(SolutionProperties) = preSolution
		HideSolutionNode = FALSE
	EndGlobalSection
	GlobalSection(ExtensibilityGlobals) = postSolution
		SolutionGuid = {3F395384-3998-47B3-9E55-25E6903CAA10}
	EndGlobalSection
EndGlobal
